# THIS IS AN AUTOGENERATED FILE. DO NOT EDIT THIS FILE DIRECTLY.
# yarn lockfile v1


"@apollo/react-common@^3.1.4":
  version "3.1.4"
  resolved "https://registry.npmjs.org/@apollo/react-common/-/react-common-3.1.4.tgz"
  integrity sha512-X5Kyro73bthWSCBJUC5XYQqMnG0dLWuDZmVkzog9dynovhfiVCV4kPSdgSIkqnb++cwCzOVuQ4rDKVwo2XRzQA==
  dependencies:
    ts-invariant "^0.4.4"
    tslib "^1.10.0"

"@apollo/react-components@^3.1.5":
  version "3.1.5"
  resolved "https://registry.npmjs.org/@apollo/react-components/-/react-components-3.1.5.tgz"
  integrity sha512-c82VyUuE9VBnJB7bnX+3dmwpIPMhyjMwyoSLyQWPHxz8jK4ak30XszJtqFf4eC4hwvvLYa+Ou6X73Q8V8e2/jg==
  dependencies:
    "@apollo/react-common" "^3.1.4"
    "@apollo/react-hooks" "^3.1.5"
    prop-types "^15.7.2"
    ts-invariant "^0.4.4"
    tslib "^1.10.0"

"@apollo/react-hoc@^3.1.5":
  version "3.1.5"
  resolved "https://registry.npmjs.org/@apollo/react-hoc/-/react-hoc-3.1.5.tgz"
  integrity sha512-jlZ2pvEnRevLa54H563BU0/xrYSgWQ72GksarxUzCHQW85nmn9wQln0kLBX7Ua7SBt9WgiuYQXQVechaaCulfQ==
  dependencies:
    "@apollo/react-common" "^3.1.4"
    "@apollo/react-components" "^3.1.5"
    hoist-non-react-statics "^3.3.0"
    ts-invariant "^0.4.4"
    tslib "^1.10.0"

"@apollo/react-hooks@^3.1.5":
  version "3.1.5"
  resolved "https://registry.npmjs.org/@apollo/react-hooks/-/react-hooks-3.1.5.tgz"
  integrity sha512-y0CJ393DLxIIkksRup4nt+vSjxalbZBXnnXxYbviq/woj+zKa431zy0yT4LqyRKpFy9ahMIwxBnBwfwIoupqLQ==
  dependencies:
    "@apollo/react-common" "^3.1.4"
    "@wry/equality" "^0.1.9"
    ts-invariant "^0.4.4"
    tslib "^1.10.0"

"@apollo/react-ssr@^3.1.5":
  version "3.1.5"
  resolved "https://registry.npmjs.org/@apollo/react-ssr/-/react-ssr-3.1.5.tgz"
  integrity sha512-wuLPkKlctNn3u8EU8rlECyktpOUCeekFfb0KhIKknpGY6Lza2Qu0bThx7D9MIbVEzhKadNNrzLcpk0Y8/5UuWg==
  dependencies:
    "@apollo/react-common" "^3.1.4"
    "@apollo/react-hooks" "^3.1.5"
    tslib "^1.10.0"

"@babel/runtime@^7.5.5", "@babel/runtime@^7.8.7":
  version "7.15.3"
  resolved "https://registry.npmjs.org/@babel/runtime/-/runtime-7.15.3.tgz"
  integrity sha512-OvwMLqNXkCXSz1kSm58sEsNuhqOx/fKpnUnKnFB5v8uDda5bLNEHNgKPvhDN6IU0LDcnHQ90LlJ0Q6jnyBSIBA==
  dependencies:
    regenerator-runtime "^0.13.4"

"@next/env@12.0.10":
  version "12.0.10"
  resolved "https://registry.yarnpkg.com/@next/env/-/env-12.0.10.tgz#561640fd62279218ccd2798ae907bae8d94a7730"
  integrity sha512-mQVj0K6wQ5WEk/sL9SZ+mJXJUaG7el8CpZ6io1uFe9GgNTSC7EgUyNGqM6IQovIFc5ukF4O/hqsdh3S/DCgT2g==

"@next/swc-android-arm64@12.0.10":
  version "12.0.10"
  resolved "https://registry.yarnpkg.com/@next/swc-android-arm64/-/swc-android-arm64-12.0.10.tgz#fd9d716433cc9d361021b0052f8b002bcaff948d"
  integrity sha512-xYwXGkNhzZZsM5MD7KRwF5ZNiC8OLPtVMUiagpPnwENg8Hb0GSQo/NbYWXM8YrawEwp9LaZ7OXiuRKPh2JyBdA==

"@next/swc-darwin-arm64@12.0.10":
  version "12.0.10"
  resolved "https://registry.yarnpkg.com/@next/swc-darwin-arm64/-/swc-darwin-arm64-12.0.10.tgz#34b2d0dc62eb89efb9176af111e3820a11fdb3f0"
  integrity sha512-f2zngulkpIJKWHckhRi7X8GZ+J/tNgFF7lYIh7Qx15JH0OTBsjkqxORlkzy+VZyHJ5sWTCaI6HYYd3ow6qkEEg==

"@next/swc-darwin-x64@12.0.10":
  version "12.0.10"
  resolved "https://registry.yarnpkg.com/@next/swc-darwin-x64/-/swc-darwin-x64-12.0.10.tgz#a4306795159293c7d4d58a2c88ce1710ff0a8baa"
  integrity sha512-Qykcu/gVC5oTvOQoRBhyuS5GYm5SbcgrFTsaLFkGBmEkg9eMQRiaCswk4IafpDXVzITkVFurzSM28q3tLW2qUw==

"@next/swc-linux-arm-gnueabihf@12.0.10":
  version "12.0.10"
  resolved "https://registry.yarnpkg.com/@next/swc-linux-arm-gnueabihf/-/swc-linux-arm-gnueabihf-12.0.10.tgz#1ad15af3d5fca2fef57894d61e16f73aee61ec2e"
  integrity sha512-EhqrTFsIXAXN9B/fiiW/QKUK/lSLCXRsLalkUp58KDfMqVLLlj1ORbESAcswiNQOChLuHQSldGEEtOBPQZcd9A==

"@next/swc-linux-arm64-gnu@12.0.10":
  version "12.0.10"
  resolved "https://registry.yarnpkg.com/@next/swc-linux-arm64-gnu/-/swc-linux-arm64-gnu-12.0.10.tgz#a84a92d0e1a179c4346c9ed8f22e26f708101ad6"
  integrity sha512-kqGtC72g3+JYXZbY2ca6digXR5U6AQ6Dzv4eAxYluMePLHjI/Xye1mf9dwVsgmeXfrD/IRDp5K/3A6UNvBm4oQ==

"@next/swc-linux-arm64-musl@12.0.10":
  version "12.0.10"
  resolved "https://registry.yarnpkg.com/@next/swc-linux-arm64-musl/-/swc-linux-arm64-musl-12.0.10.tgz#973ec96c77f845bd0a6eecbf1892caa1ee4defaf"
  integrity sha512-bG9zTSNwnSgc1Un/7oz1ZVN4UeXsTWrsQhAGWU78lLLCn4Zj9HQoUCRCGLt0OVs2DBZ+WC8CzzFliQ1SKipVbg==

"@next/swc-linux-x64-gnu@12.0.10":
  version "12.0.10"
  resolved "https://registry.yarnpkg.com/@next/swc-linux-x64-gnu/-/swc-linux-x64-gnu-12.0.10.tgz#efcc7f8252ea8225834760eaf09350f1bead73f7"
  integrity sha512-c79PcfWtyThiYRa1+3KVfDq0zXaI8o1d6dQWNVqDrtLz5HKM/rbjLdvoNuxDwUeZhxI/d9CtyH6GbuKPw5l/5A==

"@next/swc-linux-x64-musl@12.0.10":
  version "12.0.10"
  resolved "https://registry.yarnpkg.com/@next/swc-linux-x64-musl/-/swc-linux-x64-musl-12.0.10.tgz#c2a73d939dfd310acc1892a0a132762500dd5757"
  integrity sha512-g/scgn+21/MLfizOCZOZt+MxNj2/8Tdlwjvy+QZcSUPZRUI2Y5o3HwBvI1f/bSci+NGRU+bUAO0NFtRJ9MzH5w==

"@next/swc-win32-arm64-msvc@12.0.10":
  version "12.0.10"
  resolved "https://registry.yarnpkg.com/@next/swc-win32-arm64-msvc/-/swc-win32-arm64-msvc-12.0.10.tgz#2316af5f612cde1691abdf2571ff40ec32ea3429"
  integrity sha512-gl6B/ravwMeY5Nv4Il2/ARYJQ6u+KPRwGMjS1ZrNudIKlNn4YBeXh5A4cIVm+dHaff6/O/lGOa5/SUYDMZpkww==

"@next/swc-win32-ia32-msvc@12.0.10":
  version "12.0.10"
  resolved "https://registry.yarnpkg.com/@next/swc-win32-ia32-msvc/-/swc-win32-ia32-msvc-12.0.10.tgz#98a4f74d164871cfaccb0df6efddf2b7bcbaa54b"
  integrity sha512-7RVpZ3tSThC6j+iZB0CUYmFiA3kXmN+pE7QcfyAxFaflKlaZoWNMKHIEZDuxSJc6YmQ6kyxsjqxVay2F5+/YCg==

"@next/swc-win32-x64-msvc@12.0.10":
  version "12.0.10"
  resolved "https://registry.yarnpkg.com/@next/swc-win32-x64-msvc/-/swc-win32-x64-msvc-12.0.10.tgz#5c0ba98b695c4be44d8793aff42971a0dac65c2d"
  integrity sha512-oUIWRKd24jFLRWUYO1CZmML5+32BcpVfqhimGaaZIXcOkfQW+iqiAzdqsv688zaGtyKGeB9ZtiK3NDf+Q0v+Vw==

"@shopify/admin-graphql-api-utilities@^1.0.5":
  version "1.0.7"
  resolved "https://registry.yarnpkg.com/@shopify/admin-graphql-api-utilities/-/admin-graphql-api-utilities-1.0.7.tgz#d82ff8e15d3ef01f7c52cc343be84b9338bcc728"
  integrity sha512-frwfFyKA7B6V29SowVoq1AEQQ3/RwKuK9bNca9mM8MqiJ+1hScAfhm7ySdeQx/bJJhMHXgjbg7AaPX7hgthKfg==

"@shopify/app-bridge-react@^2.0.5":
  version "2.0.7"
  resolved "https://registry.yarnpkg.com/@shopify/app-bridge-react/-/app-bridge-react-2.0.7.tgz#11fd2f27d4bc11fffdd8865283986a5013bcbc2a"
  integrity sha512-mxVUHxXw+nVqK1ElwWXpZrFSqPdbqDaFw/+0YXiJfDyGUkbaooGoFVJh9XqlBgJlppVLthFyiWCwwMfkls7UHQ==
  dependencies:
    "@shopify/app-bridge" "^2.0.7"

"@shopify/app-bridge-utils@^2.0.5":
  version "2.0.7"
  resolved "https://registry.yarnpkg.com/@shopify/app-bridge-utils/-/app-bridge-utils-2.0.7.tgz#8bdb8fb3745bf0efe246e7d11d726ebf2244565f"
  integrity sha512-r06PeOlYUZ5JeWvW+rKJxmRCSg8G8G/HN053p7O1xQ+z+UyowGW2MKMPFtySYx7wow2AkgsiOBN2/Bdz1uBJJg==
  dependencies:
    "@shopify/app-bridge" "^2.0.7"

"@shopify/app-bridge@^2.0.5", "@shopify/app-bridge@^2.0.7":
  version "2.0.7"
  resolved "https://registry.yarnpkg.com/@shopify/app-bridge/-/app-bridge-2.0.7.tgz#68382cfd865af6f9466342365a1822381cfa863f"
  integrity sha512-/1JHlL1rGOXQkYMGJo6WkvbGfu4JYCNlrHFWD05WuFTdrNstjV+mhS1BF1+tZiQG/2Dn+i0EICkSXFQicVpkiQ==
  dependencies:
    base64url "^3.0.1"

"@shopify/network@^1.5.1":
  version "1.6.4"
  resolved "https://registry.npmjs.org/@shopify/network/-/network-1.6.4.tgz"
  integrity sha512-V+//Et386LnYdtNhQ3e33AKYfU25XEt8H5XYeMqPvJZpVvC9Z1lHKQMpmM/zq13VXjPUjt9/sNxHxMP3I6cbJg==

"@shopify/polaris-icons@^4.11.0":
  version "4.16.0"
  resolved "https://registry.yarnpkg.com/@shopify/polaris-icons/-/polaris-icons-4.16.0.tgz#0844ce688275f934dea41729892c60fda68a8264"
  integrity sha512-0moXN6NYcwjpja874VmH0pliUdsYMIbdxm/OX3opGTrMKAKG4lCp83P0zO1hXbQxM7pQTwqHmVX39tFRqN11Ew==

"@shopify/polaris-tokens@^3.0.0":
  version "3.1.0"
  resolved "https://registry.npmjs.org/@shopify/polaris-tokens/-/polaris-tokens-3.1.0.tgz"
  integrity sha512-SQPNtoevLxD3y1/nhXkthzhEyWAdi1+muxBn/DCHir1/+R/+1v/hkXDLG5o2X3jxqpnxd1R/rJVh9fMKmfWTyw==
  dependencies:
    hsluv "^0.1.0"
    tslib "^1.14.1"

"@shopify/polaris@^7.6.0":
  version "7.6.0"
  resolved "https://registry.yarnpkg.com/@shopify/polaris/-/polaris-7.6.0.tgz#9288a03cc377060c4462c2f140800f0270b8c0ef"
  integrity sha512-/T/EqLJZdvbYw1sFhLJIl3E6apijKGL17x16AzceVyosb8KAq6onkj6IOGhjy771RYgOtPT53kV9C8Kd7VGXuA==
  dependencies:
    "@shopify/polaris-icons" "^4.11.0"
    "@shopify/polaris-tokens" "^3.0.0"
    "@types/react" "^17.0.19"
    "@types/react-dom" "^17.0.9"
    "@types/react-transition-group" "^4.4.2"
    focus-visible "^5.2.0"
    lodash "^4.17.4"
    react-transition-group "^4.4.2"

"@shopify/shopify-api@^2.0.0":
  version "2.1.0"
  resolved "https://registry.yarnpkg.com/@shopify/shopify-api/-/shopify-api-2.1.0.tgz#750519188cf4cad8c65170ed05e4bd4aa65a5285"
  integrity sha512-CI+CUc0b2+Iv4AFhKaIAvMpbTddyTIKM3O2Qk0wS1gcj5nRdSFg6JbeVThNOYYu/7rzf93J8qYF1E4OZl920CQ==
  dependencies:
    "@shopify/network" "^1.5.1"
    "@types/jsonwebtoken" "^8.5.0"
    "@types/node-fetch" "^2.5.7"
    "@types/supertest" "^2.0.10"
    cookies "^0.8.0"
    jsonwebtoken "^8.5.1"
    node-fetch "^2.6.1"
    tslib "^2.0.3"
    uuid "^8.3.1"

"@types/cookiejar@*":
  version "2.1.2"
  resolved "https://registry.npmjs.org/@types/cookiejar/-/cookiejar-2.1.2.tgz"
  integrity sha512-t73xJJrvdTjXrn4jLS9VSGRbz0nUY3cl2DMGDU48lKl+HR9dbbjW2A9r3g40VA++mQpy6uuHg33gy7du2BKpog==

"@types/jsonwebtoken@^8.5.0":
  version "8.5.1"
  resolved "https://registry.npmjs.org/@types/jsonwebtoken/-/jsonwebtoken-8.5.1.tgz"
  integrity sha512-rNAPdomlIUX0i0cg2+I+Q1wOUr531zHBQ+cV/28PJ39bSPKjahatZZ2LMuhiguETkCgLVzfruw/ZvNMNkKoSzw==
  dependencies:
    "@types/node" "*"

"@types/node-fetch@^2.5.7":
  version "2.5.10"
  resolved "https://registry.npmjs.org/@types/node-fetch/-/node-fetch-2.5.10.tgz"
  integrity sha512-IpkX0AasN44hgEad0gEF/V6EgR5n69VEqPEgnmoM8GsIGro3PowbWs4tR6IhxUTyPLpOn+fiGG6nrQhcmoCuIQ==
  dependencies:
    "@types/node" "*"
    form-data "^3.0.0"

"@types/node@*", "@types/node@>=6":
  version "15.12.2"
  resolved "https://registry.npmjs.org/@types/node/-/node-15.12.2.tgz"
  integrity sha512-zjQ69G564OCIWIOHSXyQEEDpdpGl+G348RAKY0XXy9Z5kU9Vzv1GMNnkar/ZJ8dzXB3COzD9Mo9NtRZ4xfgUww==

"@types/prop-types@*":
  version "15.7.3"
  resolved "https://registry.npmjs.org/@types/prop-types/-/prop-types-15.7.3.tgz"
  integrity sha512-KfRL3PuHmqQLOG+2tGpRO26Ctg+Cq1E01D2DMriKEATHgWLfeNDmq9e29Q9WIky0dQ3NPkd1mzYH8Lm936Z9qw==

"@types/react-dom@^17.0.9":
  version "17.0.11"
  resolved "https://registry.yarnpkg.com/@types/react-dom/-/react-dom-17.0.11.tgz#e1eadc3c5e86bdb5f7684e00274ae228e7bcc466"
  integrity sha512-f96K3k+24RaLGVu/Y2Ng3e1EbZ8/cVJvypZWd7cy0ofCBaf2lcM46xNhycMZ2xGwbBjRql7hOlZ+e2WlJ5MH3Q==
  dependencies:
    "@types/react" "*"

"@types/react-transition-group@^4.4.2":
  version "4.4.4"
  resolved "https://registry.yarnpkg.com/@types/react-transition-group/-/react-transition-group-4.4.4.tgz#acd4cceaa2be6b757db61ed7b432e103242d163e"
  integrity sha512-7gAPz7anVK5xzbeQW9wFBDg7G++aPLAFY0QaSMOou9rJZpbuI58WAuJrgu+qR92l61grlnCUe7AFX8KGahAgug==
  dependencies:
    "@types/react" "*"

"@types/react@*":
  version "17.0.11"
  resolved "https://registry.npmjs.org/@types/react/-/react-17.0.11.tgz"
  integrity sha512-yFRQbD+whVonItSk7ZzP/L+gPTJVBkL/7shLEF+i9GC/1cV3JmUxEQz6+9ylhUpWSDuqo1N9qEvqS6vTj4USUA==
  dependencies:
    "@types/prop-types" "*"
    "@types/scheduler" "*"
    csstype "^3.0.2"

"@types/react@^17.0.19":
  version "17.0.39"
  resolved "https://registry.yarnpkg.com/@types/react/-/react-17.0.39.tgz#d0f4cde092502a6db00a1cded6e6bf2abb7633ce"
  integrity sha512-UVavlfAxDd/AgAacMa60Azl7ygyQNRwC/DsHZmKgNvPmRR5p70AJ5Q9EAmL2NWOJmeV+vVUI4IAP7GZrN8h8Ug==
  dependencies:
    "@types/prop-types" "*"
    "@types/scheduler" "*"
    csstype "^3.0.2"

"@types/scheduler@*":
  version "0.16.1"
  resolved "https://registry.npmjs.org/@types/scheduler/-/scheduler-0.16.1.tgz"
  integrity sha512-EaCxbanVeyxDRTQBkdLb3Bvl/HK7PBK6UJjsSixB0iHKoWxE5uu2Q/DgtpOhPIojN0Zl1whvOd7PoHs2P0s5eA==

"@types/superagent@*":
  version "4.1.11"
  resolved "https://registry.npmjs.org/@types/superagent/-/superagent-4.1.11.tgz"
  integrity sha512-cZkWBXZI+jESnUTp8RDGBmk1Zn2MkScP4V5bjD7DyqB7L0WNWpblh4KX5K/6aTqxFZMhfo1bhi2cwoAEDVBBJw==
  dependencies:
    "@types/cookiejar" "*"
    "@types/node" "*"

"@types/supertest@^2.0.10":
  version "2.0.11"
  resolved "https://registry.npmjs.org/@types/supertest/-/supertest-2.0.11.tgz"
  integrity sha512-uci4Esokrw9qGb9bvhhSVEjd6rkny/dk5PK/Qz4yxKiyppEI+dOPlNrZBahE3i+PoKFYyDxChVXZ/ysS/nrm1Q==
  dependencies:
    "@types/superagent" "*"

"@types/zen-observable@^0.8.0":
  version "0.8.2"
  resolved "https://registry.npmjs.org/@types/zen-observable/-/zen-observable-0.8.2.tgz"
  integrity sha512-HrCIVMLjE1MOozVoD86622S7aunluLb2PJdPfb3nYiEtohm8mIB/vyv0Fd37AdeMFrTUQXEunw78YloMA3Qilg==

"@wry/context@^0.4.0":
  version "0.4.4"
  resolved "https://registry.npmjs.org/@wry/context/-/context-0.4.4.tgz"
  integrity sha512-LrKVLove/zw6h2Md/KZyWxIkFM6AoyKp71OqpH9Hiip1csjPVoD3tPxlbQUNxEnHENks3UGgNpSBCAfq9KWuag==
  dependencies:
    "@types/node" ">=6"
    tslib "^1.9.3"

"@wry/equality@^0.1.2", "@wry/equality@^0.1.9":
  version "0.1.11"
  resolved "https://registry.npmjs.org/@wry/equality/-/equality-0.1.11.tgz"
  integrity sha512-mwEVBDUVODlsQQ5dfuLUS5/Tf7jqUKyhKYHmVi4fPB6bDMOfWvUPJmKgS1Z7Za/sOI3vzWt4+O7yCiL/70MogA==
  dependencies:
    tslib "^1.9.3"

apollo-boost@^0.4.9:
  version "0.4.9"
  resolved "https://registry.npmjs.org/apollo-boost/-/apollo-boost-0.4.9.tgz"
  integrity sha512-05y5BKcDaa8w47f8d81UVwKqrAjn8uKLv6QM9fNdldoNzQ+rnOHgFlnrySUZRz9QIT3vPftQkEz2UEASp1Mi5g==
  dependencies:
    apollo-cache "^1.3.5"
    apollo-cache-inmemory "^1.6.6"
    apollo-client "^2.6.10"
    apollo-link "^1.0.6"
    apollo-link-error "^1.0.3"
    apollo-link-http "^1.3.1"
    graphql-tag "^2.4.2"
    ts-invariant "^0.4.0"
    tslib "^1.10.0"

apollo-cache-inmemory@^1.6.6:
  version "1.6.6"
  resolved "https://registry.npmjs.org/apollo-cache-inmemory/-/apollo-cache-inmemory-1.6.6.tgz"
  integrity sha512-L8pToTW/+Xru2FFAhkZ1OA9q4V4nuvfoPecBM34DecAugUZEBhI2Hmpgnzq2hTKZ60LAMrlqiASm0aqAY6F8/A==
  dependencies:
    apollo-cache "^1.3.5"
    apollo-utilities "^1.3.4"
    optimism "^0.10.0"
    ts-invariant "^0.4.0"
    tslib "^1.10.0"

apollo-cache@1.3.5, apollo-cache@^1.3.5:
  version "1.3.5"
  resolved "https://registry.npmjs.org/apollo-cache/-/apollo-cache-1.3.5.tgz"
  integrity sha512-1XoDy8kJnyWY/i/+gLTEbYLnoiVtS8y7ikBr/IfmML4Qb+CM7dEEbIUOjnY716WqmZ/UpXIxTfJsY7rMcqiCXA==
  dependencies:
    apollo-utilities "^1.3.4"
    tslib "^1.10.0"

apollo-client@^2.6.10:
  version "2.6.10"
  resolved "https://registry.npmjs.org/apollo-client/-/apollo-client-2.6.10.tgz"
  integrity sha512-jiPlMTN6/5CjZpJOkGeUV0mb4zxx33uXWdj/xQCfAMkuNAC3HN7CvYDyMHHEzmcQ5GV12LszWoQ/VlxET24CtA==
  dependencies:
    "@types/zen-observable" "^0.8.0"
    apollo-cache "1.3.5"
    apollo-link "^1.0.0"
    apollo-utilities "1.3.4"
    symbol-observable "^1.0.2"
    ts-invariant "^0.4.0"
    tslib "^1.10.0"
    zen-observable "^0.8.0"

apollo-link-error@^1.0.3:
  version "1.1.13"
  resolved "https://registry.npmjs.org/apollo-link-error/-/apollo-link-error-1.1.13.tgz"
  integrity sha512-jAZOOahJU6bwSqb2ZyskEK1XdgUY9nkmeclCrW7Gddh1uasHVqmoYc4CKdb0/H0Y1J9lvaXKle2Wsw/Zx1AyUg==
  dependencies:
    apollo-link "^1.2.14"
    apollo-link-http-common "^0.2.16"
    tslib "^1.9.3"

apollo-link-http-common@^0.2.16:
  version "0.2.16"
  resolved "https://registry.npmjs.org/apollo-link-http-common/-/apollo-link-http-common-0.2.16.tgz"
  integrity sha512-2tIhOIrnaF4UbQHf7kjeQA/EmSorB7+HyJIIrUjJOKBgnXwuexi8aMecRlqTIDWcyVXCeqLhUnztMa6bOH/jTg==
  dependencies:
    apollo-link "^1.2.14"
    ts-invariant "^0.4.0"
    tslib "^1.9.3"

apollo-link-http@^1.3.1:
  version "1.5.17"
  resolved "https://registry.npmjs.org/apollo-link-http/-/apollo-link-http-1.5.17.tgz"
  integrity sha512-uWcqAotbwDEU/9+Dm9e1/clO7hTB2kQ/94JYcGouBVLjoKmTeJTUPQKcJGpPwUjZcSqgYicbFqQSoJIW0yrFvg==
  dependencies:
    apollo-link "^1.2.14"
    apollo-link-http-common "^0.2.16"
    tslib "^1.9.3"

apollo-link@^1.0.0, apollo-link@^1.0.6, apollo-link@^1.2.14:
  version "1.2.14"
  resolved "https://registry.npmjs.org/apollo-link/-/apollo-link-1.2.14.tgz"
  integrity sha512-p67CMEFP7kOG1JZ0ZkYZwRDa369w5PIjtMjvrQd/HnIV8FRsHRqLqK+oAZQnFa1DDdZtOtHTi+aMIW6EatC2jg==
  dependencies:
    apollo-utilities "^1.3.0"
    ts-invariant "^0.4.0"
    tslib "^1.9.3"
    zen-observable-ts "^0.8.21"

apollo-utilities@1.3.4, apollo-utilities@^1.3.0, apollo-utilities@^1.3.4:
  version "1.3.4"
  resolved "https://registry.npmjs.org/apollo-utilities/-/apollo-utilities-1.3.4.tgz"
  integrity sha512-pk2hiWrCXMAy2fRPwEyhvka+mqwzeP60Jr1tRYi5xru+3ko94HI9o6lK0CT33/w4RDlxWchmdhDCrvdr+pHCig==
  dependencies:
    "@wry/equality" "^0.1.2"
    fast-json-stable-stringify "^2.0.0"
    ts-invariant "^0.4.0"
    tslib "^1.10.0"

asynckit@^0.4.0:
  version "0.4.0"
  resolved "https://registry.npmjs.org/asynckit/-/asynckit-0.4.0.tgz"
  integrity sha1-x57Zf380y48robyXkLzDZkdLS3k=

axios@^0.25.0:
  version "0.25.0"
  resolved "https://registry.yarnpkg.com/axios/-/axios-0.25.0.tgz#349cfbb31331a9b4453190791760a8d35b093e0a"
  integrity sha512-cD8FOb0tRH3uuEe6+evtAbgJtfxr7ly3fQjYcMcuPlgkwVS9xboaVIpcDV+cYQe+yGykgwZCs1pzjntcGa6l5g==
  dependencies:
    follow-redirects "^1.14.7"

base64url@^3.0.1:
  version "3.0.1"
  resolved "https://registry.npmjs.org/base64url/-/base64url-3.0.1.tgz"
  integrity sha512-ir1UPr3dkwexU7FdV8qBBbNDRUhMmIekYMFZfi+C/sLNnRESKPl23nB9b2pltqfOQNnGzsDdId90AEtG5tCx4A==

buffer-equal-constant-time@1.0.1:
  version "1.0.1"
  resolved "https://registry.npmjs.org/buffer-equal-constant-time/-/buffer-equal-constant-time-1.0.1.tgz"
  integrity sha1-+OcRMvf/5uAaXJaXpMbz5I1cyBk=

caniuse-lite@^1.0.30001283:
  version "1.0.30001306"
  resolved "https://registry.yarnpkg.com/caniuse-lite/-/caniuse-lite-1.0.30001306.tgz#582592afe243bad2223081b8abab07bf289cc699"
  integrity sha512-Wd1OuggRzg1rbnM5hv1wXs2VkxJH/AA+LuudlIqvZiCvivF+wJJe2mgBZC8gPMgI7D76PP5CTx8Luvaqc1V6OQ==

cluster-key-slot@^1.1.0:
  version "1.1.0"
  resolved "https://registry.npmjs.org/cluster-key-slot/-/cluster-key-slot-1.1.0.tgz"
  integrity sha512-2Nii8p3RwAPiFwsnZvukotvow2rIHM+yQ6ZcBXGHdniadkYGZYiGmkHJIbZPIV9nfv7m/U1IPMVVcAhoWFeklw==

combined-stream@^1.0.8:
  version "1.0.8"
  resolved "https://registry.npmjs.org/combined-stream/-/combined-stream-1.0.8.tgz"
  integrity sha512-FQN4MRfuJeHf7cBbBMJFXhKSDq+2kAArBlmRBvcvFE5BB1HZKXtSFASDhdlz9zOYwxh8lDdnvmMOe/+5cdoEdg==
  dependencies:
    delayed-stream "~1.0.0"

cookies@^0.8.0:
  version "0.8.0"
  resolved "https://registry.npmjs.org/cookies/-/cookies-0.8.0.tgz"
  integrity sha512-8aPsApQfebXnuI+537McwYsDtjVxGm8gTIzQI3FDW6t5t/DAhERxtnbEPN/8RX+uZthoz4eCOgloXaE5cYyNow==
  dependencies:
    depd "~2.0.0"
    keygrip "~1.1.0"

csstype@^3.0.2:
  version "3.0.8"
  resolved "https://registry.npmjs.org/csstype/-/csstype-3.0.8.tgz"
  integrity sha512-jXKhWqXPmlUeoQnF/EhTtTl4C9SnrxSH/jZUih3jmO6lBKr99rP3/+FmrMj4EFpOXzMtXHAZkd3x0E6h6Fgflw==

debug@^4.3.1:
  version "4.3.1"
  resolved "https://registry.npmjs.org/debug/-/debug-4.3.1.tgz"
  integrity sha512-doEwdvm4PCeK4K3RQN2ZC2BYUBaxwLARCqZmMjtF8a51J2Rb0xpVloFRnCODwqjpwnAoao4pelN8l3RJdv3gRQ==
  dependencies:
    ms "2.1.2"

delayed-stream@~1.0.0:
  version "1.0.0"
  resolved "https://registry.npmjs.org/delayed-stream/-/delayed-stream-1.0.0.tgz"
  integrity sha1-3zrhmayt+31ECqrgsp4icrJOxhk=

denque@^1.1.0:
  version "1.5.0"
  resolved "https://registry.npmjs.org/denque/-/denque-1.5.0.tgz"
  integrity sha512-CYiCSgIF1p6EUByQPlGkKnP1M9g0ZV3qMIrqMqZqdwazygIA/YP2vrbcyl1h/WppKJTdl1F85cXIle+394iDAQ==

depd@~2.0.0:
  version "2.0.0"
  resolved "https://registry.npmjs.org/depd/-/depd-2.0.0.tgz"
  integrity sha512-g7nH6P6dyDioJogAAGprGpCtVImJhpPk/roCzdb3fIh61/s/nPsfR6onyMwkCAR/OlC3yBC0lESvUoQEAssIrw==

dom-helpers@^5.0.1:
  version "5.2.1"
  resolved "https://registry.npmjs.org/dom-helpers/-/dom-helpers-5.2.1.tgz"
  integrity sha512-nRCa7CK3VTrM2NmGkIy4cbK7IZlgBE/PYMn55rrXefr5xXDP0LdtfPnblFDoVdcAfslJ7or6iqAUnx0CCGIWQA==
  dependencies:
    "@babel/runtime" "^7.8.7"
    csstype "^3.0.2"

ecdsa-sig-formatter@1.0.11:
  version "1.0.11"
  resolved "https://registry.npmjs.org/ecdsa-sig-formatter/-/ecdsa-sig-formatter-1.0.11.tgz"
  integrity sha512-nagl3RYrbNv6kQkeJIpt6NJZy8twLB/2vtz6yN9Z4vRKHN4/QZJIEbqohALSgwKdnksuY3k5Addp5lg8sVoVcQ==
  dependencies:
    safe-buffer "^5.0.1"

fast-json-stable-stringify@^2.0.0:
  version "2.1.0"
  resolved "https://registry.npmjs.org/fast-json-stable-stringify/-/fast-json-stable-stringify-2.1.0.tgz"
  integrity sha512-lhd/wF+Lk98HZoTCtlVraHtfh5XYijIjalXck7saUtuanSDyLMxnHhSXEDJqHxD7msR8D0uCmqlkwjCV8xvwHw==

focus-visible@^5.2.0:
  version "5.2.0"
  resolved "https://registry.npmjs.org/focus-visible/-/focus-visible-5.2.0.tgz"
  integrity sha512-Rwix9pBtC1Nuy5wysTmKy+UjbDJpIfg8eHjw0rjZ1mX4GNLz1Bmd16uDpI3Gk1i70Fgcs8Csg2lPm8HULFg9DQ==

follow-redirects@^1.14.7:
  version "1.14.7"
  resolved "https://registry.yarnpkg.com/follow-redirects/-/follow-redirects-1.14.7.tgz#2004c02eb9436eee9a21446a6477debf17e81685"
  integrity sha512-+hbxoLbFMbRKDwohX8GkTataGqO6Jb7jGwpAlwgy2bIz25XtRm7KEzJM76R1WiNT5SwZkX4Y75SwBolkpmE7iQ==

form-data@^3.0.0:
  version "3.0.1"
  resolved "https://registry.npmjs.org/form-data/-/form-data-3.0.1.tgz"
  integrity sha512-RHkBKtLWUVwd7SqRIvCZMEvAMoGUp0XU+seQiZejj0COz3RI3hWP4sCv3gZWWLjJTd7rGwcsF5eKZGii0r/hbg==
  dependencies:
    asynckit "^0.4.0"
    combined-stream "^1.0.8"
    mime-types "^2.1.12"

graphql-tag@^2.4.2:
  version "2.12.4"
  resolved "https://registry.npmjs.org/graphql-tag/-/graphql-tag-2.12.4.tgz"
  integrity sha512-VV1U4O+9x99EkNpNmCUV5RZwq6MnK4+pGbRYWG+lA/m3uo7TSqJF81OkcOP148gFP6fzdl7JWYBrwWVTS9jXww==
  dependencies:
    tslib "^2.1.0"

graphql@^16.2.0:
  version "16.3.0"
  resolved "https://registry.yarnpkg.com/graphql/-/graphql-16.3.0.tgz#a91e24d10babf9e60c706919bb182b53ccdffc05"
  integrity sha512-xm+ANmA16BzCT5pLjuXySbQVFwH3oJctUVdy81w1sV0vBU0KgDdBGtxQOUd5zqOBk/JayAFeG8Dlmeq74rjm/A==

hoist-non-react-statics@^3.3.0:
  version "3.3.2"
  resolved "https://registry.npmjs.org/hoist-non-react-statics/-/hoist-non-react-statics-3.3.2.tgz"
  integrity sha512-/gGivxi8JPKWNm/W0jSmzcMPpfpPLc3dY/6GxhX2hQ9iGj3aDfklV4ET7NjKpSinLpJ5vafa9iiGIEZg10SfBw==
  dependencies:
    react-is "^16.7.0"

hsluv@^0.1.0:
  version "0.1.0"
  resolved "https://registry.npmjs.org/hsluv/-/hsluv-0.1.0.tgz"
  integrity sha512-ERcanKLAszD2XN3Vh5r5Szkrv9q0oSTudmP0rkiKAGM/3NMc9FLmMZBB7TSqTaXJfSDBOreYTfjezCOYbRKqlw==

ioredis@^4.28.3:
  version "4.28.4"
  resolved "https://registry.yarnpkg.com/ioredis/-/ioredis-4.28.4.tgz#de62dee96159a97b37f75d91318f2c6dbfe63c15"
  integrity sha512-KmG3FDd1pKZcWQ7/fIbwzvpkZ50NwRJ3RBK9dpetJrNfC+sxhK6TzaVkExvh9AiF+rAVSUmvqfHyQp5U418aDw==
  dependencies:
    cluster-key-slot "^1.1.0"
    debug "^4.3.1"
    denque "^1.1.0"
    lodash.defaults "^4.2.0"
    lodash.flatten "^4.4.0"
    lodash.isarguments "^3.1.0"
    p-map "^2.1.0"
    redis-commands "1.7.0"
    redis-errors "^1.2.0"
    redis-parser "^3.0.0"
    standard-as-callback "^2.1.0"

"js-tokens@^3.0.0 || ^4.0.0":
  version "4.0.0"
  resolved "https://registry.npmjs.org/js-tokens/-/js-tokens-4.0.0.tgz"
  integrity sha512-RdJUflcE3cUzKiMqQgsCu06FPu9UdIJO0beYbPhHN4k6apgJtifcoCtT9bcxOpYBtpD2kCM6Sbzg4CausW/PKQ==

jsonwebtoken@^8.5.1:
  version "8.5.1"
  resolved "https://registry.npmjs.org/jsonwebtoken/-/jsonwebtoken-8.5.1.tgz"
  integrity sha512-XjwVfRS6jTMsqYs0EsuJ4LGxXV14zQybNd4L2r0UvbVnSF9Af8x7p5MzbJ90Ioz/9TI41/hTCvznF/loiSzn8w==
  dependencies:
    jws "^3.2.2"
    lodash.includes "^4.3.0"
    lodash.isboolean "^3.0.3"
    lodash.isinteger "^4.0.4"
    lodash.isnumber "^3.0.3"
    lodash.isplainobject "^4.0.6"
    lodash.isstring "^4.0.1"
    lodash.once "^4.0.0"
    ms "^2.1.1"
    semver "^5.6.0"

jwa@^1.4.1:
  version "1.4.1"
  resolved "https://registry.npmjs.org/jwa/-/jwa-1.4.1.tgz"
  integrity sha512-qiLX/xhEEFKUAJ6FiBMbes3w9ATzyk5W7Hvzpa/SLYdxNtng+gcurvrI7TbACjIXlsJyr05/S1oUhZrc63evQA==
  dependencies:
    buffer-equal-constant-time "1.0.1"
    ecdsa-sig-formatter "1.0.11"
    safe-buffer "^5.0.1"

jws@^3.2.2:
  version "3.2.2"
  resolved "https://registry.npmjs.org/jws/-/jws-3.2.2.tgz"
  integrity sha512-YHlZCB6lMTllWDtSPHz/ZXTsi8S00usEV6v1tjq8tOUZzw7DpSDWVXjXDre6ed1w/pd495ODpHZYSdkRTsa0HA==
  dependencies:
    jwa "^1.4.1"
    safe-buffer "^5.0.1"

keygrip@~1.1.0:
  version "1.1.0"
  resolved "https://registry.npmjs.org/keygrip/-/keygrip-1.1.0.tgz"
  integrity sha512-iYSchDJ+liQ8iwbSI2QqsQOvqv58eJCEanyJPJi+Khyu8smkcKSFUCbPwzFcL7YVtZ6eONjqRX/38caJ7QjRAQ==
  dependencies:
    tsscmp "1.0.6"

lodash.defaults@^4.2.0:
  version "4.2.0"
  resolved "https://registry.npmjs.org/lodash.defaults/-/lodash.defaults-4.2.0.tgz"
  integrity sha1-0JF4cW/+pN3p5ft7N/bwgCJ0WAw=

lodash.flatten@^4.4.0:
  version "4.4.0"
  resolved "https://registry.npmjs.org/lodash.flatten/-/lodash.flatten-4.4.0.tgz"
  integrity sha1-8xwiIlqWMtK7+OSt2+8kCqdlph8=

lodash.includes@^4.3.0:
  version "4.3.0"
  resolved "https://registry.npmjs.org/lodash.includes/-/lodash.includes-4.3.0.tgz"
  integrity sha1-YLuYqHy5I8aMoeUTJUgzFISfVT8=

lodash.isarguments@^3.1.0:
  version "3.1.0"
  resolved "https://registry.yarnpkg.com/lodash.isarguments/-/lodash.isarguments-3.1.0.tgz#2f573d85c6a24289ff00663b491c1d338ff3458a"
  integrity sha1-L1c9hcaiQon/AGY7SRwdM4/zRYo=

lodash.isboolean@^3.0.3:
  version "3.0.3"
  resolved "https://registry.npmjs.org/lodash.isboolean/-/lodash.isboolean-3.0.3.tgz"
  integrity sha1-bC4XHbKiV82WgC/UOwGyDV9YcPY=

lodash.isinteger@^4.0.4:
  version "4.0.4"
  resolved "https://registry.npmjs.org/lodash.isinteger/-/lodash.isinteger-4.0.4.tgz"
  integrity sha1-YZwK89A/iwTDH1iChAt3sRzWg0M=

lodash.isnumber@^3.0.3:
  version "3.0.3"
  resolved "https://registry.npmjs.org/lodash.isnumber/-/lodash.isnumber-3.0.3.tgz"
  integrity sha1-POdoEMWSjQM1IwGsKHMX8RwLH/w=

lodash.isplainobject@^4.0.6:
  version "4.0.6"
  resolved "https://registry.npmjs.org/lodash.isplainobject/-/lodash.isplainobject-4.0.6.tgz"
  integrity sha1-fFJqUtibRcRcxpC4gWO+BJf1UMs=

lodash.isstring@^4.0.1:
  version "4.0.1"
  resolved "https://registry.npmjs.org/lodash.isstring/-/lodash.isstring-4.0.1.tgz"
  integrity sha1-1SfftUVuynzJu5XV2ur4i6VKVFE=

lodash.once@^4.0.0:
  version "4.1.1"
  resolved "https://registry.npmjs.org/lodash.once/-/lodash.once-4.1.1.tgz"
  integrity sha1-DdOXEhPHxW34gJd9UEyI+0cal6w=

lodash@^4.17.4:
  version "4.17.21"
  resolved "https://registry.npmjs.org/lodash/-/lodash-4.17.21.tgz"
  integrity sha512-v2kDEe57lecTulaDIuNTPy3Ry4gLGJ6Z1O3vE1krgXZNrsQ+LFTGHVxVjcXPs17LhbZVGedAJv8XZ1tvj5FvSg==

loose-envify@^1.1.0, loose-envify@^1.4.0:
  version "1.4.0"
  resolved "https://registry.npmjs.org/loose-envify/-/loose-envify-1.4.0.tgz"
  integrity sha512-lyuxPGr/Wfhrlem2CL/UcnUc1zcqKAImBDzukY7Y5F/yQiNdko6+fRLevlw1HgMySw7f611UIY408EtxRSoK3Q==
  dependencies:
    js-tokens "^3.0.0 || ^4.0.0"

mime-db@1.48.0:
  version "1.48.0"
  resolved "https://registry.npmjs.org/mime-db/-/mime-db-1.48.0.tgz"
  integrity sha512-FM3QwxV+TnZYQ2aRqhlKBMHxk10lTbMt3bBkMAp54ddrNeVSfcQYOOKuGuy3Ddrm38I04If834fOUSq1yzslJQ==

mime-types@^2.1.12:
  version "2.1.31"
  resolved "https://registry.npmjs.org/mime-types/-/mime-types-2.1.31.tgz"
  integrity sha512-XGZnNzm3QvgKxa8dpzyhFTHmpP3l5YNusmne07VUOXxou9CqUqYa/HBy124RqtVh/O2pECas/MOcsDgpilPOPg==
  dependencies:
    mime-db "1.48.0"

ms@2.1.2:
  version "2.1.2"
  resolved "https://registry.npmjs.org/ms/-/ms-2.1.2.tgz"
  integrity sha512-sGkPx+VjMtmA6MX27oA4FBFELFCZZ4S4XqeGOXCv68tT+jb3vk/RyaKWP0PTKyWtmLSM0b+adUTEvbs1PEaH2w==

ms@^2.1.1:
  version "2.1.3"
  resolved "https://registry.npmjs.org/ms/-/ms-2.1.3.tgz"
  integrity sha512-6FlzubTLZG3J2a/NVCAleEhjzq5oxgHyaCU9yYXvcLsvoVaHJq/s5xXI6/XXP6tz7R9xAOtHnSO/tXtF3WRTlA==

nanoid@^3.1.30:
  version "3.2.0"
  resolved "https://registry.yarnpkg.com/nanoid/-/nanoid-3.2.0.tgz#62667522da6673971cca916a6d3eff3f415ff80c"
  integrity sha512-fmsZYa9lpn69Ad5eDn7FMcnnSR+8R34W9qJEijxYhTbfOWzr22n1QxCMzXLK+ODyW2973V3Fux959iQoUxzUIA==

next@12.x:
  version "12.0.10"
  resolved "https://registry.yarnpkg.com/next/-/next-12.0.10.tgz#fcc4584177418bd777ce157f3165b7ba5e7708f7"
  integrity sha512-1y3PpGzpb/EZzz1jgne+JfZXKAVJUjYXwxzrADf/LWN+8yi9o79vMLXpW3mevvCHkEF2sBnIdjzNn16TJrINUw==
  dependencies:
    "@next/env" "12.0.10"
    caniuse-lite "^1.0.30001283"
    postcss "8.4.5"
    styled-jsx "5.0.0"
    use-subscription "1.5.1"
  optionalDependencies:
    "@next/swc-android-arm64" "12.0.10"
    "@next/swc-darwin-arm64" "12.0.10"
    "@next/swc-darwin-x64" "12.0.10"
    "@next/swc-linux-arm-gnueabihf" "12.0.10"
    "@next/swc-linux-arm64-gnu" "12.0.10"
    "@next/swc-linux-arm64-musl" "12.0.10"
    "@next/swc-linux-x64-gnu" "12.0.10"
    "@next/swc-linux-x64-musl" "12.0.10"
    "@next/swc-win32-arm64-msvc" "12.0.10"
    "@next/swc-win32-ia32-msvc" "12.0.10"
    "@next/swc-win32-x64-msvc" "12.0.10"

node-fetch@^2.6.1:
  version "2.6.1"
  resolved "https://registry.npmjs.org/node-fetch/-/node-fetch-2.6.1.tgz"
  integrity sha512-V4aYg89jEoVRxRb2fJdAg8FHvI7cEyYdVAh94HH0UIK8oJxUfkjlDQN9RbMx+bEjP7+ggMiFRprSti032Oipxw==

object-assign@^4.1.1:
  version "4.1.1"
  resolved "https://registry.npmjs.org/object-assign/-/object-assign-4.1.1.tgz"
  integrity sha1-IQmtx5ZYh8/AXLvUQsrIv7s2CGM=

optimism@^0.10.0:
  version "0.10.3"
  resolved "https://registry.npmjs.org/optimism/-/optimism-0.10.3.tgz"
  integrity sha512-9A5pqGoQk49H6Vhjb9kPgAeeECfUDF6aIICbMDL23kDLStBn1MWk3YvcZ4xWF9CsSf6XEgvRLkXy4xof/56vVw==
  dependencies:
    "@wry/context" "^0.4.0"

p-map@^2.1.0:
  version "2.1.0"
  resolved "https://registry.npmjs.org/p-map/-/p-map-2.1.0.tgz"
  integrity sha512-y3b8Kpd8OAN444hxfBbFfj1FY/RjtTd8tzYwhUqNYXx0fXx2iX4maP4Qr6qhIKbQXI02wTLAda4fYUbDagTUFw==

picocolors@^1.0.0:
  version "1.0.0"
  resolved "https://registry.yarnpkg.com/picocolors/-/picocolors-1.0.0.tgz#cb5bdc74ff3f51892236eaf79d68bc44564ab81c"
  integrity sha512-1fygroTLlHu66zi26VoTDv8yRgm0Fccecssto+MhsZ0D/DGW2sm8E8AjW7NU5VVTRt5GxbeZ5qBuJr+HyLYkjQ==

postcss@8.4.5:
  version "8.4.5"
  resolved "https://registry.yarnpkg.com/postcss/-/postcss-8.4.5.tgz#bae665764dfd4c6fcc24dc0fdf7e7aa00cc77f95"
  integrity sha512-jBDboWM8qpaqwkMwItqTQTiFikhs/67OYVvblFFTM7MrZjt6yMKd6r2kgXizEbTTljacm4NldIlZnhbjr84QYg==
  dependencies:
    nanoid "^3.1.30"
    picocolors "^1.0.0"
    source-map-js "^1.0.1"

prop-types@^15.6.2, prop-types@^15.7.2:
  version "15.7.2"
  resolved "https://registry.npmjs.org/prop-types/-/prop-types-15.7.2.tgz"
  integrity sha512-8QQikdH7//R2vurIJSutZ1smHYTcLpRWEOlHnzcWHmBYrOGUysKwSsrC89BCiFj3CbrfJ/nXFdJepOVrY1GCHQ==
  dependencies:
    loose-envify "^1.4.0"
    object-assign "^4.1.1"
    react-is "^16.8.1"

react-apollo@^3.1.5:
  version "3.1.5"
  resolved "https://registry.npmjs.org/react-apollo/-/react-apollo-3.1.5.tgz"
  integrity sha512-xOxMqxORps+WHrUYbjVHPliviomefOpu5Sh35oO3osuOyPTxvrljdfTLGCggMhcXBsDljtS5Oy4g+ijWg3D4JQ==
  dependencies:
    "@apollo/react-common" "^3.1.4"
    "@apollo/react-components" "^3.1.5"
    "@apollo/react-hoc" "^3.1.5"
    "@apollo/react-hooks" "^3.1.5"
    "@apollo/react-ssr" "^3.1.5"

react-dom@17.x:
  version "17.0.2"
  resolved "https://registry.npmjs.org/react-dom/-/react-dom-17.0.2.tgz"
  integrity sha512-s4h96KtLDUQlsENhMn1ar8t2bEa+q/YAtj8pPPdIjPDGBDIVNsrD9aXNWqspUe6AzKCIG0C1HZZLqLV7qpOBGA==
  dependencies:
    loose-envify "^1.1.0"
    object-assign "^4.1.1"
    scheduler "^0.20.2"

react-is@^16.7.0, react-is@^16.8.1:
  version "16.13.1"
  resolved "https://registry.npmjs.org/react-is/-/react-is-16.13.1.tgz"
  integrity sha512-24e6ynE2H+OKt4kqsOvNd8kBpV65zoxbA4BVsEOB3ARVWQki/DHzaUoC5KuON/BiccDaCCTZBuOcfZs70kR8bQ==

react-transition-group@^4.4.2:
  version "4.4.2"
  resolved "https://registry.yarnpkg.com/react-transition-group/-/react-transition-group-4.4.2.tgz#8b59a56f09ced7b55cbd53c36768b922890d5470"
  integrity sha512-/RNYfRAMlZwDSr6z4zNKV6xu53/e2BuaBbGhbyYIXTrmgu/bGHzmqOs7mJSJBHy9Ud+ApHx3QjrkKSp1pxvlFg==
  dependencies:
    "@babel/runtime" "^7.5.5"
    dom-helpers "^5.0.1"
    loose-envify "^1.4.0"
    prop-types "^15.6.2"

react@17.x:
  version "17.0.2"
  resolved "https://registry.npmjs.org/react/-/react-17.0.2.tgz"
  integrity sha512-gnhPt75i/dq/z3/6q/0asP78D0u592D5L1pd7M8P+dck6Fu/jJeL6iVVK23fptSUZj8Vjf++7wXA8UNclGQcbA==
  dependencies:
    loose-envify "^1.1.0"
    object-assign "^4.1.1"

redis-commands@1.7.0:
  version "1.7.0"
  resolved "https://registry.npmjs.org/redis-commands/-/redis-commands-1.7.0.tgz"
  integrity sha512-nJWqw3bTFy21hX/CPKHth6sfhZbdiHP6bTawSgQBlKOVRG7EZkfHbbHwQJnrE4vsQf0CMNE+3gJ4Fmm16vdVlQ==

redis-errors@^1.0.0, redis-errors@^1.2.0:
  version "1.2.0"
  resolved "https://registry.npmjs.org/redis-errors/-/redis-errors-1.2.0.tgz"
  integrity sha1-62LSrbFeTq9GEMBK/hUpOEJQq60=

redis-parser@^3.0.0:
  version "3.0.0"
  resolved "https://registry.npmjs.org/redis-parser/-/redis-parser-3.0.0.tgz"
  integrity sha1-tm2CjNyv5rS4pCin3vTGvKwxyLQ=
  dependencies:
    redis-errors "^1.0.0"

regenerator-runtime@^0.13.4:
  version "0.13.7"
  resolved "https://registry.npmjs.org/regenerator-runtime/-/regenerator-runtime-0.13.7.tgz"
  integrity sha512-a54FxoJDIr27pgf7IgeQGxmqUNYrcV338lf/6gH456HZ/PhX+5BcwHXG9ajESmwe6WRO0tAzRUrRmNONWgkrew==

safe-buffer@^5.0.1:
  version "5.2.1"
  resolved "https://registry.npmjs.org/safe-buffer/-/safe-buffer-5.2.1.tgz"
  integrity sha512-rp3So07KcdmmKbGvgaNxQSJr7bGVSVk5S9Eq1F+ppbRo70+YeaDxkw5Dd8NPN+GD6bjnYm2VuPuCXmpuYvmCXQ==

scheduler@^0.20.2:
  version "0.20.2"
  resolved "https://registry.npmjs.org/scheduler/-/scheduler-0.20.2.tgz"
  integrity sha512-2eWfGgAqqWFGqtdMmcL5zCMK1U8KlXv8SQFGglL3CEtd0aDVDWgeF/YoCmvln55m5zSk3J/20hTaSBeSObsQDQ==
  dependencies:
    loose-envify "^1.1.0"
    object-assign "^4.1.1"

semver@^5.6.0:
  version "5.7.1"
  resolved "https://registry.npmjs.org/semver/-/semver-5.7.1.tgz"
  integrity sha512-sauaDf/PZdVgrLTNYHRtpXa1iRiKcaebiKQ1BJdpQlWH2lCvexQdX55snPFyK7QzpudqbCI0qXFfOasHdyNDGQ==

source-map-js@^1.0.1:
  version "1.0.2"
  resolved "https://registry.yarnpkg.com/source-map-js/-/source-map-js-1.0.2.tgz#adbc361d9c62df380125e7f161f71c826f1e490c"
  integrity sha512-R0XvVJ9WusLiqTCEiGCmICCMplcCkIwwR11mOSD9CR5u+IXYdiseeEuXCVAjS54zqwkLcPNnmU4OeJ6tUrWhDw==

standard-as-callback@^2.1.0:
  version "2.1.0"
  resolved "https://registry.npmjs.org/standard-as-callback/-/standard-as-callback-2.1.0.tgz"
  integrity sha512-qoRRSyROncaz1z0mvYqIE4lCd9p2R90i6GxW3uZv5ucSu8tU7B5HXUP1gG8pVZsYNVaXjk8ClXHPttLyxAL48A==

styled-jsx@5.0.0:
  version "5.0.0"
  resolved "https://registry.yarnpkg.com/styled-jsx/-/styled-jsx-5.0.0.tgz#816b4b92e07b1786c6b7111821750e0ba4d26e77"
  integrity sha512-qUqsWoBquEdERe10EW8vLp3jT25s/ssG1/qX5gZ4wu15OZpmSMFI2v+fWlRhLfykA5rFtlJ1ME8A8pm/peV4WA==

symbol-observable@^1.0.2:
  version "1.2.0"
  resolved "https://registry.npmjs.org/symbol-observable/-/symbol-observable-1.2.0.tgz"
  integrity sha512-e900nM8RRtGhlV36KGEU9k65K3mPb1WV70OdjfxlG2EAuM1noi/E/BaW/uMhL7bPEssK8QV57vN3esixjUvcXQ==

ts-invariant@^0.4.0, ts-invariant@^0.4.4:
  version "0.4.4"
  resolved "https://registry.npmjs.org/ts-invariant/-/ts-invariant-0.4.4.tgz"
  integrity sha512-uEtWkFM/sdZvRNNDL3Ehu4WVpwaulhwQszV8mrtcdeE8nN00BV9mAmQ88RkrBhFgl9gMgvjJLAQcZbnPXI9mlA==
  dependencies:
    tslib "^1.9.3"

tslib@^1.10.0, tslib@^1.14.1, tslib@^1.9.3:
  version "1.14.1"
  resolved "https://registry.npmjs.org/tslib/-/tslib-1.14.1.tgz"
  integrity sha512-Xni35NKzjgMrwevysHTCArtLDpPvye8zV/0E4EyYn43P7/7qvQwPh9BGkHewbMulVntbigmcT7rdX3BNo9wRJg==

tslib@^2.0.3, tslib@^2.1.0:
  version "2.2.0"
  resolved "https://registry.npmjs.org/tslib/-/tslib-2.2.0.tgz"
  integrity sha512-gS9GVHRU+RGn5KQM2rllAlR3dU6m7AcpJKdtH8gFvQiC4Otgk98XnmMU+nZenHt/+VhnBPWwgrJsyrdcw6i23w==

tsscmp@1.0.6:
  version "1.0.6"
  resolved "https://registry.npmjs.org/tsscmp/-/tsscmp-1.0.6.tgz"
  integrity sha512-LxhtAkPDTkVCMQjt2h6eBVY28KCjikZqZfMcC15YBeNjkgUpdCfBu5HoiOTDu86v6smE8yOjyEktJ8hlbANHQA==

use-subscription@1.5.1:
  version "1.5.1"
  resolved "https://registry.npmjs.org/use-subscription/-/use-subscription-1.5.1.tgz"
  integrity sha512-Xv2a1P/yReAjAbhylMfFplFKj9GssgTwN7RlcTxBujFQcloStWNDQdc4g4NRWH9xS4i/FDk04vQBptAXoF3VcA==
  dependencies:
    object-assign "^4.1.1"

uuid@^8.3.1:
  version "8.3.2"
  resolved "https://registry.npmjs.org/uuid/-/uuid-8.3.2.tgz"
  integrity sha512-+NYs2QeMWy+GWFOEm9xnn6HCDp0l7QBD7ml8zLUmJ+93Q5NF0NocErnwkTkXVFNiX3/fpC6afS8Dhb/gz7R7eg==

zen-observable-ts@^0.8.21:
  version "0.8.21"
  resolved "https://registry.npmjs.org/zen-observable-ts/-/zen-observable-ts-0.8.21.tgz"
  integrity sha512-Yj3yXweRc8LdRMrCC8nIc4kkjWecPAUVh0TI0OUrWXx6aX790vLcDlWca6I4vsyCGH3LpWxq0dJRcMOFoVqmeg==
  dependencies:
    tslib "^1.9.3"
    zen-observable "^0.8.0"

zen-observable@^0.8.0:
  version "0.8.15"
  resolved "https://registry.npmjs.org/zen-observable/-/zen-observable-0.8.15.tgz"
  integrity sha512-PQ2PC7R9rslx84ndNBZB/Dkv8V8fZEpk83RLgXtYd0fwUgEjseMn1Dgajh2x6S8QbZAFa9p2qVCEuYZNgve0dQ==
